
Microsoft Visual Studio Solution File, Format Version 12.00
# Visual Studio Version 16
VisualStudioVersion = 16.0.808.10
MinimumVisualStudioVersion = 10.0.40219.1
Project("{FAE04EC0-301F-11D3-BF4B-00C04F79EFBC}") = "League", "League.csproj", "{7EE6799A-D214-4A92-968C-233F19858E4A}"
EndProject
Global
	GlobalSection(SolutionConfigurationPlatforms) = preSolution
		Debug|Any CPU = Debug|Any CPU
		Release|Any CPU = Release|Any CPU
	EndGlobalSection
	GlobalSection(ProjectConfigurationPlatforms) = postSolution
		{7EE6799A-D214-4A92-968C-233F19858E4A}.Debug|Any CPU.ActiveCfg = Debug|Any CPU
		{7EE6799A-D214-4A92-968C-233F19858E4A}.Debug|Any CPU.Build.0 = Debug|Any CPU
		{7EE6799A-D214-4A92-968C-233F19858E4A}.Release|Any CPU.ActiveCfg = Release|Any CPU
		{7EE6799A-D214-4A92-968C-233F19858E4A}.Release|Any CPU.Build.0 = Release|Any CPU
	EndGlobalSection
	GlobalSection(SolutionProperties) = preSolution
		HideSolutionNode = FALSE
	EndGlobalSection
	GlobalSection(ExtensibilityGlobals) = postSolution
		SolutionGuid = {761507C1-D845-4680-A692-FC4841731F6B}
	EndGlobalSection
EndGlobal
